// !$*UTF8*$!
{
	archiveVersion = 1;
	classes = {
	};
	objectVersion = 46;
	objects = {

/* Begin PBXBuildFile section */
		CFA38B561F40D409000413A7 /* AppDelegate.swift in Sources */ = {isa = PBXBuildFile; fileRef = CFA38B551F40D409000413A7 /* AppDelegate.swift */; };
		CFA38B581F40D409000413A7 /* MasterViewController.swift in Sources */ = {isa = PBXBuildFile; fileRef = CFA38B571F40D409000413A7 /* MasterViewController.swift */; };
		CFA38B5A1F40D409000413A7 /* DetailViewController.swift in Sources */ = {isa = PBXBuildFile; fileRef = CFA38B591F40D409000413A7 /* DetailViewController.swift */; };
		CFA38B5D1F40D409000413A7 /* Main.storyboard in Resources */ = {isa = PBXBuildFile; fileRef = CFA38B5B1F40D409000413A7 /* Main.storyboard */; };
		CFA38B5F1F40D409000413A7 /* Assets.xcassets in Resources */ = {isa = PBXBuildFile; fileRef = CFA38B5E1F40D409000413A7 /* Assets.xcassets */; };
		CFA38B621F40D409000413A7 /* LaunchScreen.storyboard in Resources */ = {isa = PBXBuildFile; fileRef = CFA38B601F40D409000413A7 /* LaunchScreen.storyboard */; };
		CFA38B6A1F40D5C3000413A7 /* PHILogView.swift in Sources */ = {isa = PBXBuildFile; fileRef = CFA38B691F40D5C3000413A7 /* PHILogView.swift */; };
		CFA38B6C1F40D607000413A7 /* PHILogView.xib in Resources */ = {isa = PBXBuildFile; fileRef = CFA38B6B1F40D607000413A7 /* PHILogView.xib */; };
		CFA38B6F1F40DB86000413A7 /* PHILogger.swift in Sources */ = {isa = PBXBuildFile; fileRef = CFA38B6E1F40DB86000413A7 /* PHILogger.swift */; };
/* End PBXBuildFile section */

/* Begin PBXFileReference section */
		CFA38B521F40D409000413A7 /* PHILogViewer.app */ = {isa = PBXFileReference; explicitFileType = wrapper.application; includeInIndex = 0; path = PHILogViewer.app; sourceTree = BUILT_PRODUCTS_DIR; };
		CFA38B551F40D409000413A7 /* AppDelegate.swift */ = {isa = PBXFileReference; lastKnownFileType = sourcecode.swift; path = AppDelegate.swift; sourceTree = "<group>"; };
		CFA38B571F40D409000413A7 /* MasterViewController.swift */ = {isa = PBXFileReference; lastKnownFileType = sourcecode.swift; path = MasterViewController.swift; sourceTree = "<group>"; };
		CFA38B591F40D409000413A7 /* DetailViewController.swift */ = {isa = PBXFileReference; lastKnownFileType = sourcecode.swift; path = DetailViewController.swift; sourceTree = "<group>"; };
		CFA38B5C1F40D409000413A7 /* Base */ = {isa = PBXFileReference; lastKnownFileType = file.storyboard; name = Base; path = Base.lproj/Main.storyboard; sourceTree = "<group>"; };
		CFA38B5E1F40D409000413A7 /* Assets.xcassets */ = {isa = PBXFileReference; lastKnownFileType = folder.assetcatalog; path = Assets.xcassets; sourceTree = "<group>"; };
		CFA38B611F40D409000413A7 /* Base */ = {isa = PBXFileReference; lastKnownFileType = file.storyboard; name = Base; path = Base.lproj/LaunchScreen.storyboard; sourceTree = "<group>"; };
		CFA38B631F40D409000413A7 /* Info.plist */ = {isa = PBXFileReference; lastKnownFileType = text.plist.xml; path = Info.plist; sourceTree = "<group>"; };
		CFA38B691F40D5C3000413A7 /* PHILogView.swift */ = {isa = PBXFileReference; fileEncoding = 4; lastKnownFileType = sourcecode.swift; path = PHILogView.swift; sourceTree = "<group>"; };
		CFA38B6B1F40D607000413A7 /* PHILogView.xib */ = {isa = PBXFileReference; fileEncoding = 4; lastKnownFileType = file.xib; path = PHILogView.xib; sourceTree = "<group>"; };
		CFA38B6E1F40DB86000413A7 /* PHILogger.swift */ = {isa = PBXFileReference; fileEncoding = 4; lastKnownFileType = sourcecode.swift; path = PHILogger.swift; sourceTree = "<group>"; };
/* End PBXFileReference section */

/* Begin PBXFrameworksBuildPhase section */
		CFA38B4F1F40D409000413A7 /* Frameworks */ = {
			isa = PBXFrameworksBuildPhase;
			buildActionMask = 2147483647;
			files = (
			);
			runOnlyForDeploymentPostprocessing = 0;
		};
/* End PBXFrameworksBuildPhase section */

/* Begin PBXGroup section */
		CFA38B491F40D409000413A7 = {
			isa = PBXGroup;
			children = (
				CFA38B541F40D409000413A7 /* PHILogViewer */,
				CFA38B531F40D409000413A7 /* Products */,
			);
			sourceTree = "<group>";
		};
		CFA38B531F40D409000413A7 /* Products */ = {
			isa = PBXGroup;
			children = (
				CFA38B521F40D409000413A7 /* PHILogViewer.app */,
			);
			name = Products;
			sourceTree = "<group>";
		};
		CFA38B541F40D409000413A7 /* PHILogViewer */ = {
			isa = PBXGroup;
			children = (
				CFA38B631F40D409000413A7 /* Info.plist */,
				CFA38B551F40D409000413A7 /* AppDelegate.swift */,
				CFA38B591F40D409000413A7 /* DetailViewController.swift */,
				CFA38B571F40D409000413A7 /* MasterViewController.swift */,
				CFA38B5E1F40D409000413A7 /* Assets.xcassets */,
				CFA38B601F40D409000413A7 /* LaunchScreen.storyboard */,
				CFA38B5B1F40D409000413A7 /* Main.storyboard */,
				CFA38B6D1F40D9BF000413A7 /* PHILogViewer */,
			);
			path = PHILogViewer;
			sourceTree = "<group>";
		};
		CFA38B6D1F40D9BF000413A7 /* PHILogViewer */ = {
			isa = PBXGroup;
			children = (
				CFA38B6E1F40DB86000413A7 /* PHILogger.swift */,
				CFA38B691F40D5C3000413A7 /* PHILogView.swift */,
				CFA38B6B1F40D607000413A7 /* PHILogView.xib */,
			);
			name = PHILogViewer;
			sourceTree = "<group>";
		};
/* End PBXGroup section */

/* Begin PBXNativeTarget section */
		CFA38B511F40D409000413A7 /* PHILogViewer */ = {
			isa = PBXNativeTarget;
			buildConfigurationList = CFA38B661F40D409000413A7 /* Build configuration list for PBXNativeTarget "PHILogViewer" */;
			buildPhases = (
				CFA38B4E1F40D409000413A7 /* Sources */,
				CFA38B4F1F40D409000413A7 /* Frameworks */,
				CFA38B501F40D409000413A7 /* Resources */,
			);
			buildRules = (
			);
			dependencies = (
			);
			name = PHILogViewer;
			productName = PHILogViewer;
			productReference = CFA38B521F40D409000413A7 /* PHILogViewer.app */;
			productType = "com.apple.product-type.application";
		};
/* End PBXNativeTarget section */

/* Begin PBXProject section */
		CFA38B4A1F40D409000413A7 /* Project object */ = {
			isa = PBXProject;
			attributes = {
				LastSwiftUpdateCheck = 0830;
				LastUpgradeCheck = 0830;
				ORGANIZATIONNAME = phi161;
				TargetAttributes = {
					CFA38B511F40D409000413A7 = {
						CreatedOnToolsVersion = 8.3.2;
						ProvisioningStyle = Automatic;
					};
				};
			};
			buildConfigurationList = CFA38B4D1F40D409000413A7 /* Build configuration list for PBXProject "PHILogViewer" */;
			compatibilityVersion = "Xcode 3.2";
			developmentRegion = English;
			hasScannedForEncodings = 0;
			knownRegions = (
				en,
				Base,
			);
			mainGroup = CFA38B491F40D409000413A7;
			productRefGroup = CFA38B531F40D409000413A7 /* Products */;
			projectDirPath = "";
			projectRoot = "";
			targets = (
				CFA38B511F40D409000413A7 /* PHILogViewer */,
			);
		};
/* End PBXProject section */

/* Begin PBXResourcesBuildPhase section */
		CFA38B501F40D409000413A7 /* Resources */ = {
			isa = PBXResourcesBuildPhase;
			buildActionMask = 2147483647;
			files = (
				CFA38B621F40D409000413A7 /* LaunchScreen.storyboard in Resources */,
				CFA38B6C1F40D607000413A7 /* PHILogView.xib in Resources */,
				CFA38B5F1F40D409000413A7 /* Assets.xcassets in Resources */,
				CFA38B5D1F40D409000413A7 /* Main.storyboard in Resources */,
			);
			runOnlyForDeploymentPostprocessing = 0;
		};
/* End PBXResourcesBuildPhase section */

/* Begin PBXSourcesBuildPhase section */
		CFA38B4E1F40D409000413A7 /* Sources */ = {
			isa = PBXSourcesBuildPhase;
			buildActionMask = 2147483647;
			files = (
				CFA38B5A1F40D409000413A7 /* DetailViewController.swift in Sources */,
				CFA38B6A1F40D5C3000413A7 /* PHILogView.swift in Sources */,
				CFA38B581F40D409000413A7 /* MasterViewController.swift in Sources */,
				CFA38B561F40D409000413A7 /* AppDelegate.swift in Sources */,
				CFA38B6F1F40DB86000413A7 /* PHILogger.swift in Sources */,
			);
			runOnlyForDeploymentPostprocessing = 0;
		};
/* End PBXSourcesBuildPhase section */

/* Begin PBXVariantGroup section */
		CFA38B5B1F40D409000413A7 /* Main.storyboard */ = {
			isa = PBXVariantGroup;
			children = (
				CFA38B5C1F40D409000413A7 /* Base */,
			);
			name = Main.storyboard;
			sourceTree = "<group>";
		};
		CFA38B601F40D409000413A7 /* LaunchScreen.storyboard */ = {
			isa = PBXVariantGroup;
			children = (
				CFA38B611F40D409000413A7 /* Base */,
			);
			name = LaunchScreen.storyboard;
			sourceTree = "<group>";
		};
/* End PBXVariantGroup section */

/* Begin XCBuildConfiguration section */
		CFA38B641F40D409000413A7 /* Debug */ = {
			isa = XCBuildConfiguration;
			buildSettings = {
				ALWAYS_SEARCH_USER_PATHS = NO;
				CLANG_ANALYZER_NONNULL = YES;
				CLANG_ANALYZER_NUMBER_OBJECT_CONVERSION = YES_AGGRESSIVE;
				CLANG_CXX_LANGUAGE_STANDARD = "gnu++0x";
				CLANG_CXX_LIBRARY = "libc++";
				CLANG_ENABLE_MODULES = YES;
				CLANG_ENABLE_OBJC_ARC = YES;
				CLANG_WARN_BOOL_CONVERSION = YES;
				CLANG_WARN_CONSTANT_CONVERSION = YES;
				CLANG_WARN_DIRECT_OBJC_ISA_USAGE = YES_ERROR;
				CLANG_WARN_DOCUMENTATION_COMMENTS = YES;
				CLANG_WARN_EMPTY_BODY = YES;
				CLANG_WARN_ENUM_CONVERSION = YES;
				CLANG_WARN_INFINITE_RECURSION = YES;
				CLANG_WARN_INT_CONVERSION = YES;
				CLANG_WARN_OBJC_ROOT_CLASS = YES_ERROR;
				CLANG_WARN_SUSPICIOUS_MOVE = YES;
				CLANG_WARN_UNREACHABLE_CODE = YES;
				CLANG_WARN__DUPLICATE_METHOD_MATCH = YES;
				"CODE_SIGN_IDENTITY[sdk=iphoneos*]" = "iPhone Developer";
				COPY_PHASE_STRIP = NO;
				DEBUG_INFORMATION_FORMAT = dwarf;
				ENABLE_STRICT_OBJC_MSGSEND = YES;
				ENABLE_TESTABILITY = YES;
				GCC_C_LANGUAGE_STANDARD = gnu99;
				GCC_DYNAMIC_NO_PIC = NO;
				GCC_NO_COMMON_BLOCKS = YES;
				GCC_OPTIMIZATION_LEVEL = 0;
				GCC_PREPROCESSOR_DEFINITIONS = (
					"DEBUG=1",
					"$(inherited)",
				);
				GCC_WARN_64_TO_32_BIT_CONVERSION = YES;
				GCC_WARN_ABOUT_RETURN_TYPE = YES_ERROR;
				GCC_WARN_UNDECLARED_SELECTOR = YES;
				GCC_WARN_UNINITIALIZED_AUTOS = YES_AGGRESSIVE;
				GCC_WARN_UNUSED_FUNCTION = YES;
				GCC_WARN_UNUSED_VARIABLE = YES;
				IPHONEOS_DEPLOYMENT_TARGET = 10.3;
				MTL_ENABLE_DEBUG_INFO = YES;
				ONLY_ACTIVE_ARCH = YES;
				SDKROOT = iphoneos;
				SWIFT_ACTIVE_COMPILATION_CONDITIONS = DEBUG;
				SWIFT_OPTIMIZATION_LEVEL = "-Onone";
			};
			name = Debug;
		};
		CFA38B651F40D409000413A7 /* Release */ = {
			isa = XCBuildConfiguration;
			buildSettings = {
				ALWAYS_SEARCH_USER_PATHS = NO;
				CLANG_ANALYZER_NONNULL = YES;
				CLANG_ANALYZER_NUMBER_OBJECT_CONVERSION = YES_AGGRESSIVE;
				CLANG_CXX_LANGUAGE_STANDARD = "gnu++0x";
				CLANG_CXX_LIBRARY = "libc++";
				CLANG_ENABLE_MODULES = YES;
				CLANG_ENABLE_OBJC_ARC = YES;
				CLANG_WARN_BOOL_CONVERSION = YES;
				CLANG_WARN_CONSTANT_CONVERSION = YES;
				CLANG_WARN_DIRECT_OBJC_ISA_USAGE = YES_ERROR;
				CLANG_WARN_DOCUMENTATION_COMMENTS = YES;
				CLANG_WARN_EMPTY_BODY = YES;
				CLANG_WARN_ENUM_CONVERSION = YES;
				CLANG_WARN_INFINITE_RECURSION = YES;
				CLANG_WARN_INT_CONVERSION = YES;
				CLANG_WARN_OBJC_ROOT_CLASS = YES_ERROR;
				CLANG_WARN_SUSPICIOUS_MOVE = YES;
				CLANG_WARN_UNREACHABLE_CODE = YES;
				CLANG_WARN__DUPLICATE_METHOD_MATCH = YES;
				"CODE_SIGN_IDENTITY[sdk=iphoneos*]" = "iPhone Developer";
				COPY_PHASE_STRIP = NO;
				DEBUG_INFORMATION_FORMAT = "dwarf-with-dsym";
				ENABLE_NS_ASSERTIONS = NO;
				ENABLE_STRICT_OBJC_MSGSEND = YES;
				GCC_C_LANGUAGE_STANDARD = gnu99;
				GCC_NO_COMMON_BLOCKS = YES;
				GCC_WARN_64_TO_32_BIT_CONVERSION = YES;
				GCC_WARN_ABOUT_RETURN_TYPE = YES_ERROR;
				GCC_WARN_UNDECLARED_SELECTOR = YES;
				GCC_WARN_UNINITIALIZED_AUTOS = YES_AGGRESSIVE;
				GCC_WARN_UNUSED_FUNCTION = YES;
				GCC_WARN_UNUSED_VARIABLE = YES;
				IPHONEOS_DEPLOYMENT_TARGET = 10.3;
				MTL_ENABLE_DEBUG_INFO = NO;
				SDKROOT = iphoneos;
				SWIFT_OPTIMIZATION_LEVEL = "-Owholemodule";
				VALIDATE_PRODUCT = YES;
			};
			name = Release;
		};
		CFA38B671F40D409000413A7 /* Debug */ = {
			isa = XCBuildConfiguration;
			buildSettings = {
				ASSETCATALOG_COMPILER_APPICON_NAME = AppIcon;
				INFOPLIST_FILE = PHILogViewer/Info.plist;
				LD_RUNPATH_SEARCH_PATHS = "$(inherited) @executable_path/Frameworks";
				PRODUCT_BUNDLE_IDENTIFIER = phi161.PHILogViewer;
				PRODUCT_NAME = "$(TARGET_NAME)";
				SWIFT_VERSION = 4.2;
			};
			name = Debug;
		};
		CFA38B681F40D409000413A7 /* Release */ = {
			isa = XCBuildConfiguration;
			buildSettings = {
				ASSETCATALOG_COMPILER_APPICON_NAME = AppIcon;
				INFOPLIST_FILE = PHILogViewer/Info.plist;
				LD_RUNPATH_SEARCH_PATHS = "$(inherited) @executable_path/Frameworks";
				PRODUCT_BUNDLE_IDENTIFIER = phi161.PHILogViewer;
				PRODUCT_NAME = "$(TARGET_NAME)";
				SWIFT_VERSION = 4.2;
			};
			name = Release;
		};
/* End XCBuildConfiguration section */

/* Begin XCConfigurationList section */
		CFA38B4D1F40D409000413A7 /* Build configuration list for PBXProject "PHILogViewer" */ = {
			isa = XCConfigurationList;
			buildConfigurations = (
				CFA38B641F40D409000413A7 /* Debug */,
				CFA38B651F40D409000413A7 /* Release */,
			);
			defaultConfigurationIsVisible = 0;
			defaultConfigurationName = Release;
		};
		CFA38B661F40D409000413A7 /* Build configuration list for PBXNativeTarget "PHILogViewer" */ = {
			isa = XCConfigurationList;
			buildConfigurations = (
				CFA38B671F40D409000413A7 /* Debug */,
				CFA38B681F40D409000413A7 /* Release */,
			);
			defaultConfigurationIsVisible = 0;
			defaultConfigurationName = Release;
		};
/* End XCConfigurationList section */
	};
	rootObject = CFA38B4A1F40D409000413A7 /* Project object */;
}
